
Microsoft Visual Studio Solution File, Format Version 12.00
# Visual Studio 14
VisualStudioVersion = 14.0.25420.1
MinimumVisualStudioVersion = 10.0.40219.1
Project("{FAE04EC0-301F-11D3-BF4B-00C04F79EFBC}") = "Serienbrief.Net", "Serienbrief.Net\Serienbrief.Net.csproj", "{D484279F-62F1-467B-AE19-F9527033A378}"
EndProject
Project("{FAE04EC0-301F-11D3-BF4B-00C04F79EFBC}") = "Serienbrief.Net.Test", "Serienbrief.Net.Test\Serienbrief.Net.Test.csproj", "{A0857A2C-FC42-4BE1-B268-0227C4226EBB}"
EndProject
Global
	GlobalSection(SolutionConfigurationPlatforms) = preSolution
		Debug|Any CPU = Debug|Any CPU
		Release|Any CPU = Release|Any CPU
	EndGlobalSection
	GlobalSection(ProjectConfigurationPlatforms) = postSolution
		{D484279F-62F1-467B-AE19-F9527033A378}.Debug|Any CPU.ActiveCfg = Debug|Any CPU
		{D484279F-62F1-467B-AE19-F9527033A378}.Debug|Any CPU.Build.0 = Debug|Any CPU
		{D484279F-62F1-467B-AE19-F9527033A378}.Release|Any CPU.ActiveCfg = Release|Any CPU
		{D484279F-62F1-467B-AE19-F9527033A378}.Release|Any CPU.Build.0 = Release|Any CPU
		{A0857A2C-FC42-4BE1-B268-0227C4226EBB}.Debug|Any CPU.ActiveCfg = Debug|Any CPU
		{A0857A2C-FC42-4BE1-B268-0227C4226EBB}.Debug|Any CPU.Build.0 = Debug|Any CPU
		{A0857A2C-FC42-4BE1-B268-0227C4226EBB}.Release|Any CPU.ActiveCfg = Release|Any CPU
		{A0857A2C-FC42-4BE1-B268-0227C4226EBB}.Release|Any CPU.Build.0 = Release|Any CPU
	EndGlobalSection
	GlobalSection(SolutionProperties) = preSolution
		HideSolutionNode = FALSE
	EndGlobalSection
EndGlobal
